
Microsoft Visual Studio Solution File, Format Version 12.00
# Visual Studio Version 17
VisualStudioVersion = 17.7.34024.191
MinimumVisualStudioVersion = 10.0.40219.1
Project("{9A19103F-16F7-4668-BE54-9A1E7A4F7556}") = "GrimVeil", "GrimVeil\GrimVeil.csproj", "{1CD45E8B-565C-4B26-9280-5C0C78862740}"
EndProject
Project("{2150E333-8FDC-42A3-9474-1A3956D46DE8}") = "Core", "Core", "{BC21EE62-92F6-4BA3-A16B-06686AD4C8FA}"
EndProject
Project("{2150E333-8FDC-42A3-9474-1A3956D46DE8}") = "Behaviours", "Behaviours", "{800EFFC0-3A0E-4893-8F85-06A30BDD1C3E}"
EndProject
Project("{2150E333-8FDC-42A3-9474-1A3956D46DE8}") = "Structures", "Structures", "{8DA3775C-5A7A-4110-9488-2C59A497118D}"
EndProject
Project("{9A19103F-16F7-4668-BE54-9A1E7A4F7556}") = "Core.Patterns.Behaviours.FiniteStateMachines", "Core.Behaviours.FiniteStateMachines\Core.Patterns.Behaviours.FiniteStateMachines.csproj", "{940291D6-E5BF-4B1D-8DF9-E7B12FBBB211}"
EndProject
Project("{2150E333-8FDC-42A3-9474-1A3956D46DE8}") = "Architectures", "Architectures", "{7244D402-4DC4-4076-9C77-CA7C6796FCC5}"
EndProject
Project("{2150E333-8FDC-42A3-9474-1A3956D46DE8}") = "Creators", "Creators", "{658C7429-5693-427B-B601-70248FB2B261}"
EndProject
Project("{9A19103F-16F7-4668-BE54-9A1E7A4F7556}") = "Core.Patterns.Creators.Singletons", "Core.Creators.Singletons\Core.Patterns.Creators.Singletons.csproj", "{06ACCFAC-7BCE-4B28-A8F1-BCBB82062498}"
EndProject
Project("{9A19103F-16F7-4668-BE54-9A1E7A4F7556}") = "Core.Patterns.Behaviours.EventBus", "Core.Behaviours.EventBus\Core.Patterns.Behaviours.EventBus.csproj", "{58BD56F4-6954-43CF-B96F-79058F72966E}"
EndProject
Project("{2150E333-8FDC-42A3-9474-1A3956D46DE8}") = "Tests", "Tests", "{DC1E92DB-84AE-4237-9C25-3CCB0C1C8C0D}"
EndProject
Project("{9A19103F-16F7-4668-BE54-9A1E7A4F7556}") = "Tests.Core", "Tests.Core\Tests.Core.csproj", "{B5B6135F-2CB0-4C27-8CE8-7CD66B20087B}"
EndProject
Project("{2150E333-8FDC-42A3-9474-1A3956D46DE8}") = "Patterns", "Patterns", "{4CCE53FF-94F3-484A-BAC5-DBE3334E6EA3}"
EndProject
Project("{2150E333-8FDC-42A3-9474-1A3956D46DE8}") = "Game", "Game", "{9478010D-7139-491D-B5E2-291588CF2FCF}"
EndProject
Project("{9A19103F-16F7-4668-BE54-9A1E7A4F7556}") = "Core.Game", "Core.Game\Core.Game.csproj", "{5D228D6E-B940-49B7-AC68-0F18822C43E0}"
EndProject
Project("{2150E333-8FDC-42A3-9474-1A3956D46DE8}") = "UI", "UI", "{B5F620C2-6570-40D9-92B1-F44514D47E44}"
EndProject
Project("{9A19103F-16F7-4668-BE54-9A1E7A4F7556}") = "UI.Core", "UI.Core\UI.Core.csproj", "{BD035F91-B0FB-41C6-AE59-B30CFD216192}"
EndProject
Project("{9A19103F-16F7-4668-BE54-9A1E7A4F7556}") = "Pools", "Pools\Pools.csproj", "{06B19F4D-E841-4AFD-82E7-3997878180BC}"
EndProject
Project("{2150E333-8FDC-42A3-9474-1A3956D46DE8}") = "Game", "Game", "{D624BE64-E987-4027-897D-E7A0FDD96324}"
EndProject
Project("{2150E333-8FDC-42A3-9474-1A3956D46DE8}") = "Managers", "Managers", "{ABDDA7AD-0771-44BB-8FC7-3EC5C4B183B7}"
EndProject
Project("{9A19103F-16F7-4668-BE54-9A1E7A4F7556}") = "Managers.InputManagement", "Managers.InputManagement\Managers.InputManagement.csproj", "{ADE00D3B-73CC-43C1-A0E6-9E2C55F1F310}"
EndProject
Project("{9A19103F-16F7-4668-BE54-9A1E7A4F7556}") = "Managers.StateManagement", "InGameStateManagement\Managers.StateManagement.csproj", "{1B60F8D4-A689-4678-802A-EA8B1AB66A5E}"
EndProject
Project("{9A19103F-16F7-4668-BE54-9A1E7A4F7556}") = "Managers.SceneManagement", "Managers.SceneManagement\Managers.SceneManagement.csproj", "{71CAB45A-5E7A-46E9-AA00-0078A9935746}"
EndProject
Project("{9A19103F-16F7-4668-BE54-9A1E7A4F7556}") = "Settings", "Settings\Settings.csproj", "{35A87A65-C1C6-450E-AF63-31FEE597F8E8}"
EndProject
Project("{2150E333-8FDC-42A3-9474-1A3956D46DE8}") = "Map", "Map", "{944EA297-8874-4108-8248-849E5F45F349}"
EndProject
Project("{9A19103F-16F7-4668-BE54-9A1E7A4F7556}") = "Maps", "Map\Maps.csproj", "{01CC9B06-80B5-4E8C-B6E0-1C139506EC24}"
EndProject
Project("{FAE04EC0-301F-11D3-BF4B-00C04F79EFBC}") = "Core.Extentions", "Core.Extentions\Core.Extentions.csproj", "{707B946A-E948-4C01-93D2-3B43C427B99A}"
EndProject
Global
	GlobalSection(SolutionConfigurationPlatforms) = preSolution
		Debug|Any CPU = Debug|Any CPU
		Release|Any CPU = Release|Any CPU
	EndGlobalSection
	GlobalSection(ProjectConfigurationPlatforms) = postSolution
		{1CD45E8B-565C-4B26-9280-5C0C78862740}.Debug|Any CPU.ActiveCfg = Debug|Any CPU
		{1CD45E8B-565C-4B26-9280-5C0C78862740}.Debug|Any CPU.Build.0 = Debug|Any CPU
		{1CD45E8B-565C-4B26-9280-5C0C78862740}.Release|Any CPU.ActiveCfg = Release|Any CPU
		{1CD45E8B-565C-4B26-9280-5C0C78862740}.Release|Any CPU.Build.0 = Release|Any CPU
		{940291D6-E5BF-4B1D-8DF9-E7B12FBBB211}.Debug|Any CPU.ActiveCfg = Debug|Any CPU
		{940291D6-E5BF-4B1D-8DF9-E7B12FBBB211}.Debug|Any CPU.Build.0 = Debug|Any CPU
		{940291D6-E5BF-4B1D-8DF9-E7B12FBBB211}.Release|Any CPU.ActiveCfg = Release|Any CPU
		{940291D6-E5BF-4B1D-8DF9-E7B12FBBB211}.Release|Any CPU.Build.0 = Release|Any CPU
		{06ACCFAC-7BCE-4B28-A8F1-BCBB82062498}.Debug|Any CPU.ActiveCfg = Debug|Any CPU
		{06ACCFAC-7BCE-4B28-A8F1-BCBB82062498}.Debug|Any CPU.Build.0 = Debug|Any CPU
		{06ACCFAC-7BCE-4B28-A8F1-BCBB82062498}.Release|Any CPU.ActiveCfg = Release|Any CPU
		{06ACCFAC-7BCE-4B28-A8F1-BCBB82062498}.Release|Any CPU.Build.0 = Release|Any CPU
		{58BD56F4-6954-43CF-B96F-79058F72966E}.Debug|Any CPU.ActiveCfg = Debug|Any CPU
		{58BD56F4-6954-43CF-B96F-79058F72966E}.Debug|Any CPU.Build.0 = Debug|Any CPU
		{58BD56F4-6954-43CF-B96F-79058F72966E}.Release|Any CPU.ActiveCfg = Release|Any CPU
		{58BD56F4-6954-43CF-B96F-79058F72966E}.Release|Any CPU.Build.0 = Release|Any CPU
		{B5B6135F-2CB0-4C27-8CE8-7CD66B20087B}.Debug|Any CPU.ActiveCfg = Debug|Any CPU
		{B5B6135F-2CB0-4C27-8CE8-7CD66B20087B}.Debug|Any CPU.Build.0 = Debug|Any CPU
		{B5B6135F-2CB0-4C27-8CE8-7CD66B20087B}.Release|Any CPU.ActiveCfg = Release|Any CPU
		{B5B6135F-2CB0-4C27-8CE8-7CD66B20087B}.Release|Any CPU.Build.0 = Release|Any CPU
		{5D228D6E-B940-49B7-AC68-0F18822C43E0}.Debug|Any CPU.ActiveCfg = Debug|Any CPU
		{5D228D6E-B940-49B7-AC68-0F18822C43E0}.Debug|Any CPU.Build.0 = Debug|Any CPU
		{5D228D6E-B940-49B7-AC68-0F18822C43E0}.Release|Any CPU.ActiveCfg = Release|Any CPU
		{5D228D6E-B940-49B7-AC68-0F18822C43E0}.Release|Any CPU.Build.0 = Release|Any CPU
		{BD035F91-B0FB-41C6-AE59-B30CFD216192}.Debug|Any CPU.ActiveCfg = Debug|Any CPU
		{BD035F91-B0FB-41C6-AE59-B30CFD216192}.Debug|Any CPU.Build.0 = Debug|Any CPU
		{BD035F91-B0FB-41C6-AE59-B30CFD216192}.Release|Any CPU.ActiveCfg = Release|Any CPU
		{BD035F91-B0FB-41C6-AE59-B30CFD216192}.Release|Any CPU.Build.0 = Release|Any CPU
		{06B19F4D-E841-4AFD-82E7-3997878180BC}.Debug|Any CPU.ActiveCfg = Debug|Any CPU
		{06B19F4D-E841-4AFD-82E7-3997878180BC}.Debug|Any CPU.Build.0 = Debug|Any CPU
		{06B19F4D-E841-4AFD-82E7-3997878180BC}.Release|Any CPU.ActiveCfg = Release|Any CPU
		{06B19F4D-E841-4AFD-82E7-3997878180BC}.Release|Any CPU.Build.0 = Release|Any CPU
		{ADE00D3B-73CC-43C1-A0E6-9E2C55F1F310}.Debug|Any CPU.ActiveCfg = Debug|Any CPU
		{ADE00D3B-73CC-43C1-A0E6-9E2C55F1F310}.Debug|Any CPU.Build.0 = Debug|Any CPU
		{ADE00D3B-73CC-43C1-A0E6-9E2C55F1F310}.Release|Any CPU.ActiveCfg = Release|Any CPU
		{ADE00D3B-73CC-43C1-A0E6-9E2C55F1F310}.Release|Any CPU.Build.0 = Release|Any CPU
		{1B60F8D4-A689-4678-802A-EA8B1AB66A5E}.Debug|Any CPU.ActiveCfg = Debug|Any CPU
		{1B60F8D4-A689-4678-802A-EA8B1AB66A5E}.Debug|Any CPU.Build.0 = Debug|Any CPU
		{1B60F8D4-A689-4678-802A-EA8B1AB66A5E}.Release|Any CPU.ActiveCfg = Release|Any CPU
		{1B60F8D4-A689-4678-802A-EA8B1AB66A5E}.Release|Any CPU.Build.0 = Release|Any CPU
		{71CAB45A-5E7A-46E9-AA00-0078A9935746}.Debug|Any CPU.ActiveCfg = Debug|Any CPU
		{71CAB45A-5E7A-46E9-AA00-0078A9935746}.Debug|Any CPU.Build.0 = Debug|Any CPU
		{71CAB45A-5E7A-46E9-AA00-0078A9935746}.Release|Any CPU.ActiveCfg = Release|Any CPU
		{71CAB45A-5E7A-46E9-AA00-0078A9935746}.Release|Any CPU.Build.0 = Release|Any CPU
		{35A87A65-C1C6-450E-AF63-31FEE597F8E8}.Debug|Any CPU.ActiveCfg = Debug|Any CPU
		{35A87A65-C1C6-450E-AF63-31FEE597F8E8}.Debug|Any CPU.Build.0 = Debug|Any CPU
		{35A87A65-C1C6-450E-AF63-31FEE597F8E8}.Release|Any CPU.ActiveCfg = Release|Any CPU
		{35A87A65-C1C6-450E-AF63-31FEE597F8E8}.Release|Any CPU.Build.0 = Release|Any CPU
		{01CC9B06-80B5-4E8C-B6E0-1C139506EC24}.Debug|Any CPU.ActiveCfg = Debug|Any CPU
		{01CC9B06-80B5-4E8C-B6E0-1C139506EC24}.Debug|Any CPU.Build.0 = Debug|Any CPU
		{01CC9B06-80B5-4E8C-B6E0-1C139506EC24}.Release|Any CPU.ActiveCfg = Release|Any CPU
		{01CC9B06-80B5-4E8C-B6E0-1C139506EC24}.Release|Any CPU.Build.0 = Release|Any CPU
		{707B946A-E948-4C01-93D2-3B43C427B99A}.Debug|Any CPU.ActiveCfg = Debug|Any CPU
		{707B946A-E948-4C01-93D2-3B43C427B99A}.Debug|Any CPU.Build.0 = Debug|Any CPU
		{707B946A-E948-4C01-93D2-3B43C427B99A}.Release|Any CPU.ActiveCfg = Release|Any CPU
		{707B946A-E948-4C01-93D2-3B43C427B99A}.Release|Any CPU.Build.0 = Release|Any CPU
	EndGlobalSection
	GlobalSection(SolutionProperties) = preSolution
		HideSolutionNode = FALSE
	EndGlobalSection
	GlobalSection(NestedProjects) = preSolution
		{800EFFC0-3A0E-4893-8F85-06A30BDD1C3E} = {4CCE53FF-94F3-484A-BAC5-DBE3334E6EA3}
		{8DA3775C-5A7A-4110-9488-2C59A497118D} = {4CCE53FF-94F3-484A-BAC5-DBE3334E6EA3}
		{940291D6-E5BF-4B1D-8DF9-E7B12FBBB211} = {800EFFC0-3A0E-4893-8F85-06A30BDD1C3E}
		{7244D402-4DC4-4076-9C77-CA7C6796FCC5} = {4CCE53FF-94F3-484A-BAC5-DBE3334E6EA3}
		{658C7429-5693-427B-B601-70248FB2B261} = {4CCE53FF-94F3-484A-BAC5-DBE3334E6EA3}
		{06ACCFAC-7BCE-4B28-A8F1-BCBB82062498} = {658C7429-5693-427B-B601-70248FB2B261}
		{58BD56F4-6954-43CF-B96F-79058F72966E} = {800EFFC0-3A0E-4893-8F85-06A30BDD1C3E}
		{B5B6135F-2CB0-4C27-8CE8-7CD66B20087B} = {DC1E92DB-84AE-4237-9C25-3CCB0C1C8C0D}
		{4CCE53FF-94F3-484A-BAC5-DBE3334E6EA3} = {BC21EE62-92F6-4BA3-A16B-06686AD4C8FA}
		{9478010D-7139-491D-B5E2-291588CF2FCF} = {BC21EE62-92F6-4BA3-A16B-06686AD4C8FA}
		{5D228D6E-B940-49B7-AC68-0F18822C43E0} = {9478010D-7139-491D-B5E2-291588CF2FCF}
		{BD035F91-B0FB-41C6-AE59-B30CFD216192} = {B5F620C2-6570-40D9-92B1-F44514D47E44}
		{ABDDA7AD-0771-44BB-8FC7-3EC5C4B183B7} = {D624BE64-E987-4027-897D-E7A0FDD96324}
		{944EA297-8874-4108-8248-849E5F45F349} = {D624BE64-E987-4027-897D-E7A0FDD96324}
	EndGlobalSection
	GlobalSection(ExtensibilityGlobals) = postSolution
		SolutionGuid = {31BD5744-AA4C-4707-9E94-63C291A8E6AE}
	EndGlobalSection
EndGlobal
