
Microsoft Visual Studio Solution File, Format Version 12.00
# Visual Studio Version 17
VisualStudioVersion = 17.7.34024.191
MinimumVisualStudioVersion = 10.0.40219.1
Project("{9A19103F-16F7-4668-BE54-9A1E7A4F7556}") = "GrimVeil", "GrimVeil\GrimVeil.csproj", "{1CD45E8B-565C-4B26-9280-5C0C78862740}"
EndProject
Project("{2150E333-8FDC-42A3-9474-1A3956D46DE8}") = "Core", "Core", "{BC21EE62-92F6-4BA3-A16B-06686AD4C8FA}"
EndProject
Project("{2150E333-8FDC-42A3-9474-1A3956D46DE8}") = "Behaviours", "Behaviours", "{800EFFC0-3A0E-4893-8F85-06A30BDD1C3E}"
EndProject
Project("{2150E333-8FDC-42A3-9474-1A3956D46DE8}") = "Structures", "Structures", "{8DA3775C-5A7A-4110-9488-2C59A497118D}"
EndProject
Project("{9A19103F-16F7-4668-BE54-9A1E7A4F7556}") = "GV.FiniteStateMachines", "Core.Behaviours.FiniteStateMachines\GV.FiniteStateMachines.csproj", "{940291D6-E5BF-4B1D-8DF9-E7B12FBBB211}"
EndProject
Project("{2150E333-8FDC-42A3-9474-1A3956D46DE8}") = "Architectures", "Architectures", "{7244D402-4DC4-4076-9C77-CA7C6796FCC5}"
EndProject
Project("{2150E333-8FDC-42A3-9474-1A3956D46DE8}") = "Creators", "Creators", "{658C7429-5693-427B-B601-70248FB2B261}"
EndProject
Project("{9A19103F-16F7-4668-BE54-9A1E7A4F7556}") = "GV.Singletons", "Core.Creators.Singletons\GV.Singletons.csproj", "{06ACCFAC-7BCE-4B28-A8F1-BCBB82062498}"
EndProject
Project("{9A19103F-16F7-4668-BE54-9A1E7A4F7556}") = "GV.EventBus", "Core.Behaviours.EventBus\GV.EventBus.csproj", "{58BD56F4-6954-43CF-B96F-79058F72966E}"
EndProject
Project("{2150E333-8FDC-42A3-9474-1A3956D46DE8}") = "Tests", "Tests", "{DC1E92DB-84AE-4237-9C25-3CCB0C1C8C0D}"
EndProject
Project("{9A19103F-16F7-4668-BE54-9A1E7A4F7556}") = "GV.Tests.Core", "Tests.Core\GV.Tests.Core.csproj", "{B5B6135F-2CB0-4C27-8CE8-7CD66B20087B}"
EndProject
Project("{2150E333-8FDC-42A3-9474-1A3956D46DE8}") = "Patterns", "Patterns", "{4CCE53FF-94F3-484A-BAC5-DBE3334E6EA3}"
EndProject
Project("{9A19103F-16F7-4668-BE54-9A1E7A4F7556}") = "Game", "Framework.Game\Game.csproj", "{5D228D6E-B940-49B7-AC68-0F18822C43E0}"
EndProject
Project("{2150E333-8FDC-42A3-9474-1A3956D46DE8}") = "GameObjects", "GameObjects", "{B5F620C2-6570-40D9-92B1-F44514D47E44}"
EndProject
Project("{9A19103F-16F7-4668-BE54-9A1E7A4F7556}") = "GV.UIObjects", "GameObjects.UI\GV.UIObjects.csproj", "{BD035F91-B0FB-41C6-AE59-B30CFD216192}"
EndProject
Project("{9A19103F-16F7-4668-BE54-9A1E7A4F7556}") = "GV.Pools", "Pools\GV.Pools.csproj", "{06B19F4D-E841-4AFD-82E7-3997878180BC}"
EndProject
Project("{2150E333-8FDC-42A3-9474-1A3956D46DE8}") = "Game", "Game", "{D624BE64-E987-4027-897D-E7A0FDD96324}"
EndProject
Project("{2150E333-8FDC-42A3-9474-1A3956D46DE8}") = "Managers", "Managers", "{ABDDA7AD-0771-44BB-8FC7-3EC5C4B183B7}"
EndProject
Project("{9A19103F-16F7-4668-BE54-9A1E7A4F7556}") = "InputManagement", "Managers.InputManagement\InputManagement.csproj", "{ADE00D3B-73CC-43C1-A0E6-9E2C55F1F310}"
EndProject
Project("{9A19103F-16F7-4668-BE54-9A1E7A4F7556}") = "GV.StateManagement", "Managers.StateManagement\GV.StateManagement.csproj", "{1B60F8D4-A689-4678-802A-EA8B1AB66A5E}"
EndProject
Project("{9A19103F-16F7-4668-BE54-9A1E7A4F7556}") = "GV.SceneManagement", "Managers.SceneManagement\GV.SceneManagement.csproj", "{71CAB45A-5E7A-46E9-AA00-0078A9935746}"
EndProject
Project("{9A19103F-16F7-4668-BE54-9A1E7A4F7556}") = "GV.Globals", "Settings\GV.Globals.csproj", "{35A87A65-C1C6-450E-AF63-31FEE597F8E8}"
EndProject
Project("{9A19103F-16F7-4668-BE54-9A1E7A4F7556}") = "Extentions", "Framework.Extentions\Extentions.csproj", "{707B946A-E948-4C01-93D2-3B43C427B99A}"
EndProject
Project("{2150E333-8FDC-42A3-9474-1A3956D46DE8}") = "Content", "Content", "{7465C6C7-7D8F-4D64-9C1E-36A0D03E9102}"
EndProject
Project("{2150E333-8FDC-42A3-9474-1A3956D46DE8}") = "Framework", "Framework", "{079670DC-8395-4B69-AA18-57A12D8E4F0A}"
EndProject
Project("{9A19103F-16F7-4668-BE54-9A1E7A4F7556}") = "GameEvents", "Framework.GameEvents\GameEvents.csproj", "{404186C7-3BC8-43BE-BC9F-2A190480343D}"
EndProject
Project("{9A19103F-16F7-4668-BE54-9A1E7A4F7556}") = "GV.TypeExtentions", "Core.Extentions\GV.TypeExtentions.csproj", "{D71E22A3-673C-44C7-A84D-06A8788FDBAB}"
EndProject
Project("{2150E333-8FDC-42A3-9474-1A3956D46DE8}") = "World", "World", "{52DC250E-455B-4E31-96AB-D7C94B37D934}"
EndProject
Project("{9A19103F-16F7-4668-BE54-9A1E7A4F7556}") = "GV.WorldObjects", "World.Data\GV.WorldObjects.csproj", "{FA717186-B242-412F-A08C-9F4D1DA57B1A}"
EndProject
Project("{9A19103F-16F7-4668-BE54-9A1E7A4F7556}") = "GV.WorldManagement", "World.Managers\GV.WorldManagement.csproj", "{39520EB5-46A7-43D8-A8BD-567987F2B1CF}"
EndProject
Project("{9A19103F-16F7-4668-BE54-9A1E7A4F7556}") = "GV.UtilityObjects", "GameObjects.Utilities\GV.UtilityObjects.csproj", "{FF460112-1A6A-4240-AF85-DC31AE28EAD4}"
EndProject
Project("{9A19103F-16F7-4668-BE54-9A1E7A4F7556}") = "GV.CoreUtilities", "Core.Utilities\GV.CoreUtilities.csproj", "{1A3793F2-A642-45E5-BEF1-FB758D1267BE}"
EndProject
Project("{9A19103F-16F7-4668-BE54-9A1E7A4F7556}") = "Debugging", "Framework.Debugging\Debugging.csproj", "{9BA64114-9EC9-4CEE-8828-0EF92F63E0E2}"
EndProject
Global
	GlobalSection(SolutionConfigurationPlatforms) = preSolution
		Debug|Any CPU = Debug|Any CPU
		Release|Any CPU = Release|Any CPU
	EndGlobalSection
	GlobalSection(ProjectConfigurationPlatforms) = postSolution
		{1CD45E8B-565C-4B26-9280-5C0C78862740}.Debug|Any CPU.ActiveCfg = Debug|Any CPU
		{1CD45E8B-565C-4B26-9280-5C0C78862740}.Debug|Any CPU.Build.0 = Debug|Any CPU
		{1CD45E8B-565C-4B26-9280-5C0C78862740}.Release|Any CPU.ActiveCfg = Release|Any CPU
		{1CD45E8B-565C-4B26-9280-5C0C78862740}.Release|Any CPU.Build.0 = Release|Any CPU
		{940291D6-E5BF-4B1D-8DF9-E7B12FBBB211}.Debug|Any CPU.ActiveCfg = Debug|Any CPU
		{940291D6-E5BF-4B1D-8DF9-E7B12FBBB211}.Debug|Any CPU.Build.0 = Debug|Any CPU
		{940291D6-E5BF-4B1D-8DF9-E7B12FBBB211}.Release|Any CPU.ActiveCfg = Release|Any CPU
		{940291D6-E5BF-4B1D-8DF9-E7B12FBBB211}.Release|Any CPU.Build.0 = Release|Any CPU
		{06ACCFAC-7BCE-4B28-A8F1-BCBB82062498}.Debug|Any CPU.ActiveCfg = Debug|Any CPU
		{06ACCFAC-7BCE-4B28-A8F1-BCBB82062498}.Debug|Any CPU.Build.0 = Debug|Any CPU
		{06ACCFAC-7BCE-4B28-A8F1-BCBB82062498}.Release|Any CPU.ActiveCfg = Release|Any CPU
		{06ACCFAC-7BCE-4B28-A8F1-BCBB82062498}.Release|Any CPU.Build.0 = Release|Any CPU
		{58BD56F4-6954-43CF-B96F-79058F72966E}.Debug|Any CPU.ActiveCfg = Debug|Any CPU
		{58BD56F4-6954-43CF-B96F-79058F72966E}.Debug|Any CPU.Build.0 = Debug|Any CPU
		{58BD56F4-6954-43CF-B96F-79058F72966E}.Release|Any CPU.ActiveCfg = Release|Any CPU
		{58BD56F4-6954-43CF-B96F-79058F72966E}.Release|Any CPU.Build.0 = Release|Any CPU
		{B5B6135F-2CB0-4C27-8CE8-7CD66B20087B}.Debug|Any CPU.ActiveCfg = Debug|Any CPU
		{B5B6135F-2CB0-4C27-8CE8-7CD66B20087B}.Debug|Any CPU.Build.0 = Debug|Any CPU
		{B5B6135F-2CB0-4C27-8CE8-7CD66B20087B}.Release|Any CPU.ActiveCfg = Release|Any CPU
		{B5B6135F-2CB0-4C27-8CE8-7CD66B20087B}.Release|Any CPU.Build.0 = Release|Any CPU
		{5D228D6E-B940-49B7-AC68-0F18822C43E0}.Debug|Any CPU.ActiveCfg = Debug|Any CPU
		{5D228D6E-B940-49B7-AC68-0F18822C43E0}.Debug|Any CPU.Build.0 = Debug|Any CPU
		{5D228D6E-B940-49B7-AC68-0F18822C43E0}.Release|Any CPU.ActiveCfg = Release|Any CPU
		{5D228D6E-B940-49B7-AC68-0F18822C43E0}.Release|Any CPU.Build.0 = Release|Any CPU
		{BD035F91-B0FB-41C6-AE59-B30CFD216192}.Debug|Any CPU.ActiveCfg = Debug|Any CPU
		{BD035F91-B0FB-41C6-AE59-B30CFD216192}.Debug|Any CPU.Build.0 = Debug|Any CPU
		{BD035F91-B0FB-41C6-AE59-B30CFD216192}.Release|Any CPU.ActiveCfg = Release|Any CPU
		{BD035F91-B0FB-41C6-AE59-B30CFD216192}.Release|Any CPU.Build.0 = Release|Any CPU
		{06B19F4D-E841-4AFD-82E7-3997878180BC}.Debug|Any CPU.ActiveCfg = Debug|Any CPU
		{06B19F4D-E841-4AFD-82E7-3997878180BC}.Debug|Any CPU.Build.0 = Debug|Any CPU
		{06B19F4D-E841-4AFD-82E7-3997878180BC}.Release|Any CPU.ActiveCfg = Release|Any CPU
		{06B19F4D-E841-4AFD-82E7-3997878180BC}.Release|Any CPU.Build.0 = Release|Any CPU
		{ADE00D3B-73CC-43C1-A0E6-9E2C55F1F310}.Debug|Any CPU.ActiveCfg = Debug|Any CPU
		{ADE00D3B-73CC-43C1-A0E6-9E2C55F1F310}.Debug|Any CPU.Build.0 = Debug|Any CPU
		{ADE00D3B-73CC-43C1-A0E6-9E2C55F1F310}.Release|Any CPU.ActiveCfg = Release|Any CPU
		{ADE00D3B-73CC-43C1-A0E6-9E2C55F1F310}.Release|Any CPU.Build.0 = Release|Any CPU
		{1B60F8D4-A689-4678-802A-EA8B1AB66A5E}.Debug|Any CPU.ActiveCfg = Debug|Any CPU
		{1B60F8D4-A689-4678-802A-EA8B1AB66A5E}.Debug|Any CPU.Build.0 = Debug|Any CPU
		{1B60F8D4-A689-4678-802A-EA8B1AB66A5E}.Release|Any CPU.ActiveCfg = Release|Any CPU
		{1B60F8D4-A689-4678-802A-EA8B1AB66A5E}.Release|Any CPU.Build.0 = Release|Any CPU
		{71CAB45A-5E7A-46E9-AA00-0078A9935746}.Debug|Any CPU.ActiveCfg = Debug|Any CPU
		{71CAB45A-5E7A-46E9-AA00-0078A9935746}.Debug|Any CPU.Build.0 = Debug|Any CPU
		{71CAB45A-5E7A-46E9-AA00-0078A9935746}.Release|Any CPU.ActiveCfg = Release|Any CPU
		{71CAB45A-5E7A-46E9-AA00-0078A9935746}.Release|Any CPU.Build.0 = Release|Any CPU
		{35A87A65-C1C6-450E-AF63-31FEE597F8E8}.Debug|Any CPU.ActiveCfg = Debug|Any CPU
		{35A87A65-C1C6-450E-AF63-31FEE597F8E8}.Debug|Any CPU.Build.0 = Debug|Any CPU
		{35A87A65-C1C6-450E-AF63-31FEE597F8E8}.Release|Any CPU.ActiveCfg = Release|Any CPU
		{35A87A65-C1C6-450E-AF63-31FEE597F8E8}.Release|Any CPU.Build.0 = Release|Any CPU
		{707B946A-E948-4C01-93D2-3B43C427B99A}.Debug|Any CPU.ActiveCfg = Debug|Any CPU
		{707B946A-E948-4C01-93D2-3B43C427B99A}.Debug|Any CPU.Build.0 = Debug|Any CPU
		{707B946A-E948-4C01-93D2-3B43C427B99A}.Release|Any CPU.ActiveCfg = Release|Any CPU
		{707B946A-E948-4C01-93D2-3B43C427B99A}.Release|Any CPU.Build.0 = Release|Any CPU
		{404186C7-3BC8-43BE-BC9F-2A190480343D}.Debug|Any CPU.ActiveCfg = Debug|Any CPU
		{404186C7-3BC8-43BE-BC9F-2A190480343D}.Debug|Any CPU.Build.0 = Debug|Any CPU
		{404186C7-3BC8-43BE-BC9F-2A190480343D}.Release|Any CPU.ActiveCfg = Release|Any CPU
		{404186C7-3BC8-43BE-BC9F-2A190480343D}.Release|Any CPU.Build.0 = Release|Any CPU
		{D71E22A3-673C-44C7-A84D-06A8788FDBAB}.Debug|Any CPU.ActiveCfg = Debug|Any CPU
		{D71E22A3-673C-44C7-A84D-06A8788FDBAB}.Debug|Any CPU.Build.0 = Debug|Any CPU
		{D71E22A3-673C-44C7-A84D-06A8788FDBAB}.Release|Any CPU.ActiveCfg = Release|Any CPU
		{D71E22A3-673C-44C7-A84D-06A8788FDBAB}.Release|Any CPU.Build.0 = Release|Any CPU
		{FA717186-B242-412F-A08C-9F4D1DA57B1A}.Debug|Any CPU.ActiveCfg = Debug|Any CPU
		{FA717186-B242-412F-A08C-9F4D1DA57B1A}.Debug|Any CPU.Build.0 = Debug|Any CPU
		{FA717186-B242-412F-A08C-9F4D1DA57B1A}.Release|Any CPU.ActiveCfg = Release|Any CPU
		{FA717186-B242-412F-A08C-9F4D1DA57B1A}.Release|Any CPU.Build.0 = Release|Any CPU
		{39520EB5-46A7-43D8-A8BD-567987F2B1CF}.Debug|Any CPU.ActiveCfg = Debug|Any CPU
		{39520EB5-46A7-43D8-A8BD-567987F2B1CF}.Debug|Any CPU.Build.0 = Debug|Any CPU
		{39520EB5-46A7-43D8-A8BD-567987F2B1CF}.Release|Any CPU.ActiveCfg = Release|Any CPU
		{39520EB5-46A7-43D8-A8BD-567987F2B1CF}.Release|Any CPU.Build.0 = Release|Any CPU
		{FF460112-1A6A-4240-AF85-DC31AE28EAD4}.Debug|Any CPU.ActiveCfg = Debug|Any CPU
		{FF460112-1A6A-4240-AF85-DC31AE28EAD4}.Debug|Any CPU.Build.0 = Debug|Any CPU
		{FF460112-1A6A-4240-AF85-DC31AE28EAD4}.Release|Any CPU.ActiveCfg = Release|Any CPU
		{FF460112-1A6A-4240-AF85-DC31AE28EAD4}.Release|Any CPU.Build.0 = Release|Any CPU
		{1A3793F2-A642-45E5-BEF1-FB758D1267BE}.Debug|Any CPU.ActiveCfg = Debug|Any CPU
		{1A3793F2-A642-45E5-BEF1-FB758D1267BE}.Debug|Any CPU.Build.0 = Debug|Any CPU
		{1A3793F2-A642-45E5-BEF1-FB758D1267BE}.Release|Any CPU.ActiveCfg = Release|Any CPU
		{1A3793F2-A642-45E5-BEF1-FB758D1267BE}.Release|Any CPU.Build.0 = Release|Any CPU
		{9BA64114-9EC9-4CEE-8828-0EF92F63E0E2}.Debug|Any CPU.ActiveCfg = Debug|Any CPU
		{9BA64114-9EC9-4CEE-8828-0EF92F63E0E2}.Debug|Any CPU.Build.0 = Debug|Any CPU
		{9BA64114-9EC9-4CEE-8828-0EF92F63E0E2}.Release|Any CPU.ActiveCfg = Release|Any CPU
		{9BA64114-9EC9-4CEE-8828-0EF92F63E0E2}.Release|Any CPU.Build.0 = Release|Any CPU
	EndGlobalSection
	GlobalSection(SolutionProperties) = preSolution
		HideSolutionNode = FALSE
	EndGlobalSection
	GlobalSection(NestedProjects) = preSolution
		{800EFFC0-3A0E-4893-8F85-06A30BDD1C3E} = {4CCE53FF-94F3-484A-BAC5-DBE3334E6EA3}
		{8DA3775C-5A7A-4110-9488-2C59A497118D} = {4CCE53FF-94F3-484A-BAC5-DBE3334E6EA3}
		{940291D6-E5BF-4B1D-8DF9-E7B12FBBB211} = {800EFFC0-3A0E-4893-8F85-06A30BDD1C3E}
		{7244D402-4DC4-4076-9C77-CA7C6796FCC5} = {4CCE53FF-94F3-484A-BAC5-DBE3334E6EA3}
		{658C7429-5693-427B-B601-70248FB2B261} = {4CCE53FF-94F3-484A-BAC5-DBE3334E6EA3}
		{06ACCFAC-7BCE-4B28-A8F1-BCBB82062498} = {658C7429-5693-427B-B601-70248FB2B261}
		{58BD56F4-6954-43CF-B96F-79058F72966E} = {800EFFC0-3A0E-4893-8F85-06A30BDD1C3E}
		{B5B6135F-2CB0-4C27-8CE8-7CD66B20087B} = {DC1E92DB-84AE-4237-9C25-3CCB0C1C8C0D}
		{4CCE53FF-94F3-484A-BAC5-DBE3334E6EA3} = {BC21EE62-92F6-4BA3-A16B-06686AD4C8FA}
		{5D228D6E-B940-49B7-AC68-0F18822C43E0} = {079670DC-8395-4B69-AA18-57A12D8E4F0A}
		{BD035F91-B0FB-41C6-AE59-B30CFD216192} = {B5F620C2-6570-40D9-92B1-F44514D47E44}
		{06B19F4D-E841-4AFD-82E7-3997878180BC} = {7465C6C7-7D8F-4D64-9C1E-36A0D03E9102}
		{ABDDA7AD-0771-44BB-8FC7-3EC5C4B183B7} = {D624BE64-E987-4027-897D-E7A0FDD96324}
		{ADE00D3B-73CC-43C1-A0E6-9E2C55F1F310} = {079670DC-8395-4B69-AA18-57A12D8E4F0A}
		{1B60F8D4-A689-4678-802A-EA8B1AB66A5E} = {ABDDA7AD-0771-44BB-8FC7-3EC5C4B183B7}
		{71CAB45A-5E7A-46E9-AA00-0078A9935746} = {ABDDA7AD-0771-44BB-8FC7-3EC5C4B183B7}
		{35A87A65-C1C6-450E-AF63-31FEE597F8E8} = {7465C6C7-7D8F-4D64-9C1E-36A0D03E9102}
		{707B946A-E948-4C01-93D2-3B43C427B99A} = {079670DC-8395-4B69-AA18-57A12D8E4F0A}
		{404186C7-3BC8-43BE-BC9F-2A190480343D} = {079670DC-8395-4B69-AA18-57A12D8E4F0A}
		{D71E22A3-673C-44C7-A84D-06A8788FDBAB} = {BC21EE62-92F6-4BA3-A16B-06686AD4C8FA}
		{52DC250E-455B-4E31-96AB-D7C94B37D934} = {D624BE64-E987-4027-897D-E7A0FDD96324}
		{FA717186-B242-412F-A08C-9F4D1DA57B1A} = {B5F620C2-6570-40D9-92B1-F44514D47E44}
		{39520EB5-46A7-43D8-A8BD-567987F2B1CF} = {52DC250E-455B-4E31-96AB-D7C94B37D934}
		{FF460112-1A6A-4240-AF85-DC31AE28EAD4} = {B5F620C2-6570-40D9-92B1-F44514D47E44}
		{1A3793F2-A642-45E5-BEF1-FB758D1267BE} = {BC21EE62-92F6-4BA3-A16B-06686AD4C8FA}
		{9BA64114-9EC9-4CEE-8828-0EF92F63E0E2} = {079670DC-8395-4B69-AA18-57A12D8E4F0A}
	EndGlobalSection
	GlobalSection(ExtensibilityGlobals) = postSolution
		SolutionGuid = {31BD5744-AA4C-4707-9E94-63C291A8E6AE}
	EndGlobalSection
EndGlobal
